
Microsoft Visual Studio Solution File, Format Version 12.00
# Visual Studio Version 18
VisualStudioVersion = 18.1.11312.151 d18.0
MinimumVisualStudioVersion = 10.0.40219.1
Project("{FAE04EC0-301F-11D3-BF4B-00C04F79EFBC}") = "EInvoiceKSADemo.NETFramework.Helpers", "EInvoiceKSADemo.NETFramework.Helpers\EInvoiceKSADemo.NETFramework.Helpers.csproj", "{8921E72A-0AAD-410F-A867-91375C5784C8}"
EndProject
Project("{FAE04EC0-301F-11D3-BF4B-00C04F79EFBC}") = "EInvoiceKSADemo.NETFramework.Test", "EInvoiceKSADemo.NETFramework.Test\EInvoiceKSADemo.NETFramework.Test.csproj", "{F78E8524-F73F-4EDE-94D4-B0C8079FBF01}"
EndProject
Global
	GlobalSection(SolutionConfigurationPlatforms) = preSolution
		Debug|Any CPU = Debug|Any CPU
		Release|Any CPU = Release|Any CPU
	EndGlobalSection
	GlobalSection(ProjectConfigurationPlatforms) = postSolution
		{8921E72A-0AAD-410F-A867-91375C5784C8}.Debug|Any CPU.ActiveCfg = Debug|Any CPU
		{8921E72A-0AAD-410F-A867-91375C5784C8}.Debug|Any CPU.Build.0 = Debug|Any CPU
		{8921E72A-0AAD-410F-A867-91375C5784C8}.Release|Any CPU.ActiveCfg = Release|Any CPU
		{8921E72A-0AAD-410F-A867-91375C5784C8}.Release|Any CPU.Build.0 = Release|Any CPU
		{F78E8524-F73F-4EDE-94D4-B0C8079FBF01}.Debug|Any CPU.ActiveCfg = Debug|Any CPU
		{F78E8524-F73F-4EDE-94D4-B0C8079FBF01}.Debug|Any CPU.Build.0 = Debug|Any CPU
		{F78E8524-F73F-4EDE-94D4-B0C8079FBF01}.Release|Any CPU.ActiveCfg = Release|Any CPU
		{F78E8524-F73F-4EDE-94D4-B0C8079FBF01}.Release|Any CPU.Build.0 = Release|Any CPU
	EndGlobalSection
	GlobalSection(SolutionProperties) = preSolution
		HideSolutionNode = FALSE
	EndGlobalSection
	GlobalSection(ExtensibilityGlobals) = postSolution
		SolutionGuid = {3FE6B350-C87A-4B49-ACE7-02C5F44C96C2}
	EndGlobalSection
EndGlobal
